
Microsoft Visual Studio Solution File, Format Version 12.00
# Visual Studio Version 17
VisualStudioVersion = 17.11.35327.3
MinimumVisualStudioVersion = 10.0.40219.1
Project("{FAE04EC0-301F-11D3-BF4B-00C04F79EFBC}") = "Library Management System", "Library Management System\Library Management System.csproj", "{B53F97EF-07B2-42EA-8A22-98B721A43164}"
EndProject
Global
	GlobalSection(SolutionConfigurationPlatforms) = preSolution
		Debug|Any CPU = Debug|Any CPU
		Release|Any CPU = Release|Any CPU
	EndGlobalSection
	GlobalSection(ProjectConfigurationPlatforms) = postSolution
		{B53F97EF-07B2-42EA-8A22-98B721A43164}.Debug|Any CPU.ActiveCfg = Debug|Any CPU
		{B53F97EF-07B2-42EA-8A22-98B721A43164}.Debug|Any CPU.Build.0 = Debug|Any CPU
		{B53F97EF-07B2-42EA-8A22-98B721A43164}.Release|Any CPU.ActiveCfg = Release|Any CPU
		{B53F97EF-07B2-42EA-8A22-98B721A43164}.Release|Any CPU.Build.0 = Release|Any CPU
	EndGlobalSection
	GlobalSection(SolutionProperties) = preSolution
		HideSolutionNode = FALSE
	EndGlobalSection
	GlobalSection(ExtensibilityGlobals) = postSolution
		SolutionGuid = {F6054478-84D5-4A1E-BA83-3F655FCE1E0A}
	EndGlobalSection
EndGlobal
